
Microsoft Visual Studio Solution File, Format Version 12.00
# Visual Studio Version 16
VisualStudioVersion = 16.0.31613.86
MinimumVisualStudioVersion = 10.0.40219.1
Project("{FAE04EC0-301F-11D3-BF4B-00C04F79EFBC}") = "SalesWebAPI", "SalesWebAPI\SalesWebAPI.csproj", "{3A3A83D5-8F0F-42B2-B123-E00D48ECB446}"
EndProject
Global
	GlobalSection(SolutionConfigurationPlatforms) = preSolution
		Debug|Any CPU = Debug|Any CPU
		Release|Any CPU = Release|Any CPU
	EndGlobalSection
	GlobalSection(ProjectConfigurationPlatforms) = postSolution
		{3A3A83D5-8F0F-42B2-B123-E00D48ECB446}.Debug|Any CPU.ActiveCfg = Debug|Any CPU
		{3A3A83D5-8F0F-42B2-B123-E00D48ECB446}.Debug|Any CPU.Build.0 = Debug|Any CPU
		{3A3A83D5-8F0F-42B2-B123-E00D48ECB446}.Release|Any CPU.ActiveCfg = Release|Any CPU
		{3A3A83D5-8F0F-42B2-B123-E00D48ECB446}.Release|Any CPU.Build.0 = Release|Any CPU
	EndGlobalSection
	GlobalSection(SolutionProperties) = preSolution
		HideSolutionNode = FALSE
	EndGlobalSection
	GlobalSection(ExtensibilityGlobals) = postSolution
		SolutionGuid = {45C04AA7-09F2-41B7-BE83-CF4579B95BF5}
	EndGlobalSection
EndGlobal
